// !$*UTF8*$!
{
	archiveVersion = 1;
	classes = {
	};
	objectVersion = 55;
	objects = {

/* Begin PBXBuildFile section */
		740121702770675F002CB5E5 /* AppDelegate.swift in Sources */ = {isa = PBXBuildFile; fileRef = 7401216F2770675F002CB5E5 /* AppDelegate.swift */; };
		740121722770675F002CB5E5 /* SceneDelegate.swift in Sources */ = {isa = PBXBuildFile; fileRef = 740121712770675F002CB5E5 /* SceneDelegate.swift */; };
		740121772770675F002CB5E5 /* Main.storyboard in Resources */ = {isa = PBXBuildFile; fileRef = 740121752770675F002CB5E5 /* Main.storyboard */; };
		7401217927706762002CB5E5 /* Assets.xcassets in Resources */ = {isa = PBXBuildFile; fileRef = 7401217827706762002CB5E5 /* Assets.xcassets */; };
		7401217C27706762002CB5E5 /* LaunchScreen.storyboard in Resources */ = {isa = PBXBuildFile; fileRef = 7401217A27706762002CB5E5 /* LaunchScreen.storyboard */; };
		74012185277069DA002CB5E5 /* InputViewController.swift in Sources */ = {isa = PBXBuildFile; fileRef = 74012184277069DA002CB5E5 /* InputViewController.swift */; };
		7401218727706A7D002CB5E5 /* InputsViewModel.swift in Sources */ = {isa = PBXBuildFile; fileRef = 7401218627706A7D002CB5E5 /* InputsViewModel.swift */; };
		7401218A27706AC1002CB5E5 /* BaseViewModel.swift in Sources */ = {isa = PBXBuildFile; fileRef = 7401218927706AC1002CB5E5 /* BaseViewModel.swift */; };
		7401218E27706EAB002CB5E5 /* OptionsTableViewCell.swift in Sources */ = {isa = PBXBuildFile; fileRef = 7401218C27706EAB002CB5E5 /* OptionsTableViewCell.swift */; };
		7401218F27706EAB002CB5E5 /* OptionsTableViewCell.xib in Resources */ = {isa = PBXBuildFile; fileRef = 7401218D27706EAB002CB5E5 /* OptionsTableViewCell.xib */; };
		74CC3D66277085CD009E72DC /* WheelViewContoller.swift in Sources */ = {isa = PBXBuildFile; fileRef = 74CC3D64277085CD009E72DC /* WheelViewContoller.swift */; };
		74CC3D67277085CD009E72DC /* WheelViewContoller.xib in Resources */ = {isa = PBXBuildFile; fileRef = 74CC3D65277085CD009E72DC /* WheelViewContoller.xib */; };
		74CC3D69277085EA009E72DC /* WheelViewModel.swift in Sources */ = {isa = PBXBuildFile; fileRef = 74CC3D68277085EA009E72DC /* WheelViewModel.swift */; };
		74CC3D6B277087EE009E72DC /* SFWConfiguration+VariousWheelJackpot.swift in Sources */ = {isa = PBXBuildFile; fileRef = 74CC3D6A277087EE009E72DC /* SFWConfiguration+VariousWheelJackpot.swift */; };
		9ED7914AC9D5E70B5C0ECD38 /* Pods_The_Wheely_Cool_App.framework in Frameworks */ = {isa = PBXBuildFile; fileRef = F2B5F3DCA978FDB5EC1557C3 /* Pods_The_Wheely_Cool_App.framework */; };
/* End PBXBuildFile section */

/* Begin PBXFileReference section */
		2455BEBD201348DAB4B3FDEC /* Pods-The Wheely Cool App.release.xcconfig */ = {isa = PBXFileReference; includeInIndex = 1; lastKnownFileType = text.xcconfig; name = "Pods-The Wheely Cool App.release.xcconfig"; path = "Target Support Files/Pods-The Wheely Cool App/Pods-The Wheely Cool App.release.xcconfig"; sourceTree = "<group>"; };
		6F91B436FA3440FC79903869 /* Pods-The Wheely Cool App.debug.xcconfig */ = {isa = PBXFileReference; includeInIndex = 1; lastKnownFileType = text.xcconfig; name = "Pods-The Wheely Cool App.debug.xcconfig"; path = "Target Support Files/Pods-The Wheely Cool App/Pods-The Wheely Cool App.debug.xcconfig"; sourceTree = "<group>"; };
		7401216C2770675F002CB5E5 /* The Wheely Cool App.app */ = {isa = PBXFileReference; explicitFileType = wrapper.application; includeInIndex = 0; path = "The Wheely Cool App.app"; sourceTree = BUILT_PRODUCTS_DIR; };
		7401216F2770675F002CB5E5 /* AppDelegate.swift */ = {isa = PBXFileReference; lastKnownFileType = sourcecode.swift; path = AppDelegate.swift; sourceTree = "<group>"; };
		740121712770675F002CB5E5 /* SceneDelegate.swift */ = {isa = PBXFileReference; lastKnownFileType = sourcecode.swift; path = SceneDelegate.swift; sourceTree = "<group>"; };
		740121762770675F002CB5E5 /* Base */ = {isa = PBXFileReference; lastKnownFileType = file.storyboard; name = Base; path = Base.lproj/Main.storyboard; sourceTree = "<group>"; };
		7401217827706762002CB5E5 /* Assets.xcassets */ = {isa = PBXFileReference; lastKnownFileType = folder.assetcatalog; path = Assets.xcassets; sourceTree = "<group>"; };
		7401217B27706762002CB5E5 /* Base */ = {isa = PBXFileReference; lastKnownFileType = file.storyboard; name = Base; path = Base.lproj/LaunchScreen.storyboard; sourceTree = "<group>"; };
		7401217D27706762002CB5E5 /* Info.plist */ = {isa = PBXFileReference; lastKnownFileType = text.plist.xml; path = Info.plist; sourceTree = "<group>"; };
		74012184277069DA002CB5E5 /* InputViewController.swift */ = {isa = PBXFileReference; lastKnownFileType = sourcecode.swift; path = InputViewController.swift; sourceTree = "<group>"; };
		7401218627706A7D002CB5E5 /* InputsViewModel.swift */ = {isa = PBXFileReference; lastKnownFileType = sourcecode.swift; path = InputsViewModel.swift; sourceTree = "<group>"; };
		7401218927706AC1002CB5E5 /* BaseViewModel.swift */ = {isa = PBXFileReference; lastKnownFileType = sourcecode.swift; path = BaseViewModel.swift; sourceTree = "<group>"; };
		7401218C27706EAB002CB5E5 /* OptionsTableViewCell.swift */ = {isa = PBXFileReference; lastKnownFileType = sourcecode.swift; path = OptionsTableViewCell.swift; sourceTree = "<group>"; };
		7401218D27706EAB002CB5E5 /* OptionsTableViewCell.xib */ = {isa = PBXFileReference; lastKnownFileType = file.xib; path = OptionsTableViewCell.xib; sourceTree = "<group>"; };
		74CC3D64277085CD009E72DC /* WheelViewContoller.swift */ = {isa = PBXFileReference; lastKnownFileType = sourcecode.swift; path = WheelViewContoller.swift; sourceTree = "<group>"; };
		74CC3D65277085CD009E72DC /* WheelViewContoller.xib */ = {isa = PBXFileReference; lastKnownFileType = file.xib; path = WheelViewContoller.xib; sourceTree = "<group>"; };
		74CC3D68277085EA009E72DC /* WheelViewModel.swift */ = {isa = PBXFileReference; lastKnownFileType = sourcecode.swift; path = WheelViewModel.swift; sourceTree = "<group>"; };
		74CC3D6A277087EE009E72DC /* SFWConfiguration+VariousWheelJackpot.swift */ = {isa = PBXFileReference; lastKnownFileType = sourcecode.swift; path = "SFWConfiguration+VariousWheelJackpot.swift"; sourceTree = "<group>"; };
		F2B5F3DCA978FDB5EC1557C3 /* Pods_The_Wheely_Cool_App.framework */ = {isa = PBXFileReference; explicitFileType = wrapper.framework; includeInIndex = 0; path = Pods_The_Wheely_Cool_App.framework; sourceTree = BUILT_PRODUCTS_DIR; };
/* End PBXFileReference section */

/* Begin PBXFrameworksBuildPhase section */
		740121692770675F002CB5E5 /* Frameworks */ = {
			isa = PBXFrameworksBuildPhase;
			buildActionMask = 2147483647;
			files = (
				9ED7914AC9D5E70B5C0ECD38 /* Pods_The_Wheely_Cool_App.framework in Frameworks */,
			);
			runOnlyForDeploymentPostprocessing = 0;
		};
/* End PBXFrameworksBuildPhase section */

/* Begin PBXGroup section */
		72D9F94AE5DD6141EA039528 /* Pods */ = {
			isa = PBXGroup;
			children = (
				6F91B436FA3440FC79903869 /* Pods-The Wheely Cool App.debug.xcconfig */,
				2455BEBD201348DAB4B3FDEC /* Pods-The Wheely Cool App.release.xcconfig */,
			);
			path = Pods;
			sourceTree = "<group>";
		};
		740121632770675F002CB5E5 = {
			isa = PBXGroup;
			children = (
				7401216E2770675F002CB5E5 /* The Wheely Cool App */,
				7401216D2770675F002CB5E5 /* Products */,
				72D9F94AE5DD6141EA039528 /* Pods */,
				87B7A585A57249B5A3491150 /* Frameworks */,
			);
			sourceTree = "<group>";
		};
		7401216D2770675F002CB5E5 /* Products */ = {
			isa = PBXGroup;
			children = (
				7401216C2770675F002CB5E5 /* The Wheely Cool App.app */,
			);
			name = Products;
			sourceTree = "<group>";
		};
		7401216E2770675F002CB5E5 /* The Wheely Cool App */ = {
			isa = PBXGroup;
			children = (
				7401218827706AB0002CB5E5 /* Base */,
				74CC3D6327708586009E72DC /* Wheel */,
				74012183277069A3002CB5E5 /* Inputs */,
				7401216F2770675F002CB5E5 /* AppDelegate.swift */,
				740121712770675F002CB5E5 /* SceneDelegate.swift */,
				740121752770675F002CB5E5 /* Main.storyboard */,
				7401217827706762002CB5E5 /* Assets.xcassets */,
				7401217A27706762002CB5E5 /* LaunchScreen.storyboard */,
				7401217D27706762002CB5E5 /* Info.plist */,
			);
			path = "The Wheely Cool App";
			sourceTree = "<group>";
		};
		74012183277069A3002CB5E5 /* Inputs */ = {
			isa = PBXGroup;
			children = (
				7401218B27706E83002CB5E5 /* Cell */,
				74012184277069DA002CB5E5 /* InputViewController.swift */,
				7401218627706A7D002CB5E5 /* InputsViewModel.swift */,
			);
			path = Inputs;
			sourceTree = "<group>";
		};
		7401218827706AB0002CB5E5 /* Base */ = {
			isa = PBXGroup;
			children = (
				7401218927706AC1002CB5E5 /* BaseViewModel.swift */,
			);
			path = Base;
			sourceTree = "<group>";
		};
		7401218B27706E83002CB5E5 /* Cell */ = {
			isa = PBXGroup;
			children = (
				7401218C27706EAB002CB5E5 /* OptionsTableViewCell.swift */,
				7401218D27706EAB002CB5E5 /* OptionsTableViewCell.xib */,
			);
			path = Cell;
			sourceTree = "<group>";
		};
		74CC3D6327708586009E72DC /* Wheel */ = {
			isa = PBXGroup;
			children = (
				74CC3D68277085EA009E72DC /* WheelViewModel.swift */,
				74CC3D64277085CD009E72DC /* WheelViewContoller.swift */,
				74CC3D65277085CD009E72DC /* WheelViewContoller.xib */,
				74CC3D6A277087EE009E72DC /* SFWConfiguration+VariousWheelJackpot.swift */,
			);
			path = Wheel;
			sourceTree = "<group>";
		};
		87B7A585A57249B5A3491150 /* Frameworks */ = {
			isa = PBXGroup;
			children = (
				F2B5F3DCA978FDB5EC1557C3 /* Pods_The_Wheely_Cool_App.framework */,
			);
			name = Frameworks;
			sourceTree = "<group>";
		};
/* End PBXGroup section */

/* Begin PBXNativeTarget section */
		7401216B2770675F002CB5E5 /* The Wheely Cool App */ = {
			isa = PBXNativeTarget;
			buildConfigurationList = 7401218027706762002CB5E5 /* Build configuration list for PBXNativeTarget "The Wheely Cool App" */;
			buildPhases = (
				31259BDDBEAF41ECDA3B15C5 /* [CP] Check Pods Manifest.lock */,
				740121682770675F002CB5E5 /* Sources */,
				740121692770675F002CB5E5 /* Frameworks */,
				7401216A2770675F002CB5E5 /* Resources */,
				CF74382DB986B95E62E523ED /* [CP] Embed Pods Frameworks */,
			);
			buildRules = (
			);
			dependencies = (
			);
			name = "The Wheely Cool App";
			productName = "The Wheely Cool App";
			productReference = 7401216C2770675F002CB5E5 /* The Wheely Cool App.app */;
			productType = "com.apple.product-type.application";
		};
/* End PBXNativeTarget section */

/* Begin PBXProject section */
		740121642770675F002CB5E5 /* Project object */ = {
			isa = PBXProject;
			attributes = {
				BuildIndependentTargetsInParallel = 1;
				LastSwiftUpdateCheck = 1300;
				LastUpgradeCheck = 1300;
				TargetAttributes = {
					7401216B2770675F002CB5E5 = {
						CreatedOnToolsVersion = 13.0;
					};
				};
			};
			buildConfigurationList = 740121672770675F002CB5E5 /* Build configuration list for PBXProject "The Wheely Cool App" */;
			compatibilityVersion = "Xcode 13.0";
			developmentRegion = en;
			hasScannedForEncodings = 0;
			knownRegions = (
				en,
				Base,
			);
			mainGroup = 740121632770675F002CB5E5;
			productRefGroup = 7401216D2770675F002CB5E5 /* Products */;
			projectDirPath = "";
			projectRoot = "";
			targets = (
				7401216B2770675F002CB5E5 /* The Wheely Cool App */,
			);
		};
/* End PBXProject section */

/* Begin PBXResourcesBuildPhase section */
		7401216A2770675F002CB5E5 /* Resources */ = {
			isa = PBXResourcesBuildPhase;
			buildActionMask = 2147483647;
			files = (
				7401218F27706EAB002CB5E5 /* OptionsTableViewCell.xib in Resources */,
				7401217C27706762002CB5E5 /* LaunchScreen.storyboard in Resources */,
				7401217927706762002CB5E5 /* Assets.xcassets in Resources */,
				74CC3D67277085CD009E72DC /* WheelViewContoller.xib in Resources */,
				740121772770675F002CB5E5 /* Main.storyboard in Resources */,
			);
			runOnlyForDeploymentPostprocessing = 0;
		};
/* End PBXResourcesBuildPhase section */

/* Begin PBXShellScriptBuildPhase section */
		31259BDDBEAF41ECDA3B15C5 /* [CP] Check Pods Manifest.lock */ = {
			isa = PBXShellScriptBuildPhase;
			buildActionMask = 2147483647;
			files = (
			);
			inputFileListPaths = (
			);
			inputPaths = (
				"${PODS_PODFILE_DIR_PATH}/Podfile.lock",
				"${PODS_ROOT}/Manifest.lock",
			);
			name = "[CP] Check Pods Manifest.lock";
			outputFileListPaths = (
			);
			outputPaths = (
				"$(DERIVED_FILE_DIR)/Pods-The Wheely Cool App-checkManifestLockResult.txt",
			);
			runOnlyForDeploymentPostprocessing = 0;
			shellPath = /bin/sh;
			shellScript = "diff \"${PODS_PODFILE_DIR_PATH}/Podfile.lock\" \"${PODS_ROOT}/Manifest.lock\" > /dev/null\nif [ $? != 0 ] ; then\n    # print error to STDERR\n    echo \"error: The sandbox is not in sync with the Podfile.lock. Run 'pod install' or update your CocoaPods installation.\" >&2\n    exit 1\nfi\n# This output is used by Xcode 'outputs' to avoid re-running this script phase.\necho \"SUCCESS\" > \"${SCRIPT_OUTPUT_FILE_0}\"\n";
			showEnvVarsInLog = 0;
		};
		CF74382DB986B95E62E523ED /* [CP] Embed Pods Frameworks */ = {
			isa = PBXShellScriptBuildPhase;
			buildActionMask = 2147483647;
			files = (
			);
			inputFileListPaths = (
				"${PODS_ROOT}/Target Support Files/Pods-The Wheely Cool App/Pods-The Wheely Cool App-frameworks-${CONFIGURATION}-input-files.xcfilelist",
			);
			name = "[CP] Embed Pods Frameworks";
			outputFileListPaths = (
				"${PODS_ROOT}/Target Support Files/Pods-The Wheely Cool App/Pods-The Wheely Cool App-frameworks-${CONFIGURATION}-output-files.xcfilelist",
			);
			runOnlyForDeploymentPostprocessing = 0;
			shellPath = /bin/sh;
			shellScript = "\"${PODS_ROOT}/Target Support Files/Pods-The Wheely Cool App/Pods-The Wheely Cool App-frameworks.sh\"\n";
			showEnvVarsInLog = 0;
		};
/* End PBXShellScriptBuildPhase section */

/* Begin PBXSourcesBuildPhase section */
		740121682770675F002CB5E5 /* Sources */ = {
			isa = PBXSourcesBuildPhase;
			buildActionMask = 2147483647;
			files = (
				74CC3D69277085EA009E72DC /* WheelViewModel.swift in Sources */,
				740121702770675F002CB5E5 /* AppDelegate.swift in Sources */,
				74CC3D6B277087EE009E72DC /* SFWConfiguration+VariousWheelJackpot.swift in Sources */,
				7401218A27706AC1002CB5E5 /* BaseViewModel.swift in Sources */,
				7401218E27706EAB002CB5E5 /* OptionsTableViewCell.swift in Sources */,
				740121722770675F002CB5E5 /* SceneDelegate.swift in Sources */,
				74CC3D66277085CD009E72DC /* WheelViewContoller.swift in Sources */,
				74012185277069DA002CB5E5 /* InputViewController.swift in Sources */,
				7401218727706A7D002CB5E5 /* InputsViewModel.swift in Sources */,
			);
			runOnlyForDeploymentPostprocessing = 0;
		};
/* End PBXSourcesBuildPhase section */

/* Begin PBXVariantGroup section */
		740121752770675F002CB5E5 /* Main.storyboard */ = {
			isa = PBXVariantGroup;
			children = (
				740121762770675F002CB5E5 /* Base */,
			);
			name = Main.storyboard;
			sourceTree = "<group>";
		};
		7401217A27706762002CB5E5 /* LaunchScreen.storyboard */ = {
			isa = PBXVariantGroup;
			children = (
				7401217B27706762002CB5E5 /* Base */,
			);
			name = LaunchScreen.storyboard;
			sourceTree = "<group>";
		};
/* End PBXVariantGroup section */

/* Begin XCBuildConfiguration section */
		7401217E27706762002CB5E5 /* Debug */ = {
			isa = XCBuildConfiguration;
			buildSettings = {
				ALWAYS_SEARCH_USER_PATHS = NO;
				CLANG_ANALYZER_NONNULL = YES;
				CLANG_ANALYZER_NUMBER_OBJECT_CONVERSION = YES_AGGRESSIVE;
				CLANG_CXX_LANGUAGE_STANDARD = "gnu++17";
				CLANG_CXX_LIBRARY = "libc++";
				CLANG_ENABLE_MODULES = YES;
				CLANG_ENABLE_OBJC_ARC = YES;
				CLANG_ENABLE_OBJC_WEAK = YES;
				CLANG_WARN_BLOCK_CAPTURE_AUTORELEASING = YES;
				CLANG_WARN_BOOL_CONVERSION = YES;
				CLANG_WARN_COMMA = YES;
				CLANG_WARN_CONSTANT_CONVERSION = YES;
				CLANG_WARN_DEPRECATED_OBJC_IMPLEMENTATIONS = YES;
				CLANG_WARN_DIRECT_OBJC_ISA_USAGE = YES_ERROR;
				CLANG_WARN_DOCUMENTATION_COMMENTS = YES;
				CLANG_WARN_EMPTY_BODY = YES;
				CLANG_WARN_ENUM_CONVERSION = YES;
				CLANG_WARN_INFINITE_RECURSION = YES;
				CLANG_WARN_INT_CONVERSION = YES;
				CLANG_WARN_NON_LITERAL_NULL_CONVERSION = YES;
				CLANG_WARN_OBJC_IMPLICIT_RETAIN_SELF = YES;
				CLANG_WARN_OBJC_LITERAL_CONVERSION = YES;
				CLANG_WARN_OBJC_ROOT_CLASS = YES_ERROR;
				CLANG_WARN_QUOTED_INCLUDE_IN_FRAMEWORK_HEADER = YES;
				CLANG_WARN_RANGE_LOOP_ANALYSIS = YES;
				CLANG_WARN_STRICT_PROTOTYPES = YES;
				CLANG_WARN_SUSPICIOUS_MOVE = YES;
				CLANG_WARN_UNGUARDED_AVAILABILITY = YES_AGGRESSIVE;
				CLANG_WARN_UNREACHABLE_CODE = YES;
				CLANG_WARN__DUPLICATE_METHOD_MATCH = YES;
				COPY_PHASE_STRIP = NO;
				DEBUG_INFORMATION_FORMAT = dwarf;
				ENABLE_STRICT_OBJC_MSGSEND = YES;
				ENABLE_TESTABILITY = YES;
				GCC_C_LANGUAGE_STANDARD = gnu11;
				GCC_DYNAMIC_NO_PIC = NO;
				GCC_NO_COMMON_BLOCKS = YES;
				GCC_OPTIMIZATION_LEVEL = 0;
				GCC_PREPROCESSOR_DEFINITIONS = (
					"DEBUG=1",
					"$(inherited)",
				);
				GCC_WARN_64_TO_32_BIT_CONVERSION = YES;
				GCC_WARN_ABOUT_RETURN_TYPE = YES_ERROR;
				GCC_WARN_UNDECLARED_SELECTOR = YES;
				GCC_WARN_UNINITIALIZED_AUTOS = YES_AGGRESSIVE;
				GCC_WARN_UNUSED_FUNCTION = YES;
				GCC_WARN_UNUSED_VARIABLE = YES;
				IPHONEOS_DEPLOYMENT_TARGET = 15.0;
				MTL_ENABLE_DEBUG_INFO = INCLUDE_SOURCE;
				MTL_FAST_MATH = YES;
				ONLY_ACTIVE_ARCH = YES;
				SDKROOT = iphoneos;
				SWIFT_ACTIVE_COMPILATION_CONDITIONS = DEBUG;
				SWIFT_OPTIMIZATION_LEVEL = "-Onone";
			};
			name = Debug;
		};
		7401217F27706762002CB5E5 /* Release */ = {
			isa = XCBuildConfiguration;
			buildSettings = {
				ALWAYS_SEARCH_USER_PATHS = NO;
				CLANG_ANALYZER_NONNULL = YES;
				CLANG_ANALYZER_NUMBER_OBJECT_CONVERSION = YES_AGGRESSIVE;
				CLANG_CXX_LANGUAGE_STANDARD = "gnu++17";
				CLANG_CXX_LIBRARY = "libc++";
				CLANG_ENABLE_MODULES = YES;
				CLANG_ENABLE_OBJC_ARC = YES;
				CLANG_ENABLE_OBJC_WEAK = YES;
				CLANG_WARN_BLOCK_CAPTURE_AUTORELEASING = YES;
				CLANG_WARN_BOOL_CONVERSION = YES;
				CLANG_WARN_COMMA = YES;
				CLANG_WARN_CONSTANT_CONVERSION = YES;
				CLANG_WARN_DEPRECATED_OBJC_IMPLEMENTATIONS = YES;
				CLANG_WARN_DIRECT_OBJC_ISA_USAGE = YES_ERROR;
				CLANG_WARN_DOCUMENTATION_COMMENTS = YES;
				CLANG_WARN_EMPTY_BODY = YES;
				CLANG_WARN_ENUM_CONVERSION = YES;
				CLANG_WARN_INFINITE_RECURSION = YES;
				CLANG_WARN_INT_CONVERSION = YES;
				CLANG_WARN_NON_LITERAL_NULL_CONVERSION = YES;
				CLANG_WARN_OBJC_IMPLICIT_RETAIN_SELF = YES;
				CLANG_WARN_OBJC_LITERAL_CONVERSION = YES;
				CLANG_WARN_OBJC_ROOT_CLASS = YES_ERROR;
				CLANG_WARN_QUOTED_INCLUDE_IN_FRAMEWORK_HEADER = YES;
				CLANG_WARN_RANGE_LOOP_ANALYSIS = YES;
				CLANG_WARN_STRICT_PROTOTYPES = YES;
				CLANG_WARN_SUSPICIOUS_MOVE = YES;
				CLANG_WARN_UNGUARDED_AVAILABILITY = YES_AGGRESSIVE;
				CLANG_WARN_UNREACHABLE_CODE = YES;
				CLANG_WARN__DUPLICATE_METHOD_MATCH = YES;
				COPY_PHASE_STRIP = NO;
				DEBUG_INFORMATION_FORMAT = "dwarf-with-dsym";
				ENABLE_NS_ASSERTIONS = NO;
				ENABLE_STRICT_OBJC_MSGSEND = YES;
				GCC_C_LANGUAGE_STANDARD = gnu11;
				GCC_NO_COMMON_BLOCKS = YES;
				GCC_WARN_64_TO_32_BIT_CONVERSION = YES;
				GCC_WARN_ABOUT_RETURN_TYPE = YES_ERROR;
				GCC_WARN_UNDECLARED_SELECTOR = YES;
				GCC_WARN_UNINITIALIZED_AUTOS = YES_AGGRESSIVE;
				GCC_WARN_UNUSED_FUNCTION = YES;
				GCC_WARN_UNUSED_VARIABLE = YES;
				IPHONEOS_DEPLOYMENT_TARGET = 15.0;
				MTL_ENABLE_DEBUG_INFO = NO;
				MTL_FAST_MATH = YES;
				SDKROOT = iphoneos;
				SWIFT_COMPILATION_MODE = wholemodule;
				SWIFT_OPTIMIZATION_LEVEL = "-O";
				VALIDATE_PRODUCT = YES;
			};
			name = Release;
		};
		7401218127706762002CB5E5 /* Debug */ = {
			isa = XCBuildConfiguration;
			baseConfigurationReference = 6F91B436FA3440FC79903869 /* Pods-The Wheely Cool App.debug.xcconfig */;
			buildSettings = {
				ASSETCATALOG_COMPILER_APPICON_NAME = AppIcon;
				ASSETCATALOG_COMPILER_GLOBAL_ACCENT_COLOR_NAME = AccentColor;
				CODE_SIGN_STYLE = Automatic;
				CURRENT_PROJECT_VERSION = 1;
				DEVELOPMENT_TEAM = YUM6JMB34R;
				GENERATE_INFOPLIST_FILE = YES;
				INFOPLIST_FILE = "The Wheely Cool App/Info.plist";
				INFOPLIST_KEY_UIApplicationSupportsIndirectInputEvents = YES;
				INFOPLIST_KEY_UILaunchStoryboardName = LaunchScreen;
				INFOPLIST_KEY_UIMainStoryboardFile = Main;
				INFOPLIST_KEY_UISupportedInterfaceOrientations_iPad = "UIInterfaceOrientationPortrait UIInterfaceOrientationPortraitUpsideDown UIInterfaceOrientationLandscapeLeft UIInterfaceOrientationLandscapeRight";
				INFOPLIST_KEY_UISupportedInterfaceOrientations_iPhone = "UIInterfaceOrientationPortrait UIInterfaceOrientationLandscapeLeft UIInterfaceOrientationLandscapeRight";
				LD_RUNPATH_SEARCH_PATHS = (
					"$(inherited)",
					"@executable_path/Frameworks",
				);
				MARKETING_VERSION = 1.0;
				PRODUCT_BUNDLE_IDENTIFIER = "com.hasithademel.The-Wheely-Cool-App";
				PRODUCT_NAME = "$(TARGET_NAME)";
				SWIFT_EMIT_LOC_STRINGS = YES;
				SWIFT_VERSION = 5.0;
				TARGETED_DEVICE_FAMILY = "1,2";
			};
			name = Debug;
		};
		7401218227706762002CB5E5 /* Release */ = {
			isa = XCBuildConfiguration;
			baseConfigurationReference = 2455BEBD201348DAB4B3FDEC /* Pods-The Wheely Cool App.release.xcconfig */;
			buildSettings = {
				ASSETCATALOG_COMPILER_APPICON_NAME = AppIcon;
				ASSETCATALOG_COMPILER_GLOBAL_ACCENT_COLOR_NAME = AccentColor;
				CODE_SIGN_STYLE = Automatic;
				CURRENT_PROJECT_VERSION = 1;
				DEVELOPMENT_TEAM = YUM6JMB34R;
				GENERATE_INFOPLIST_FILE = YES;
				INFOPLIST_FILE = "The Wheely Cool App/Info.plist";
				INFOPLIST_KEY_UIApplicationSupportsIndirectInputEvents = YES;
				INFOPLIST_KEY_UILaunchStoryboardName = LaunchScreen;
				INFOPLIST_KEY_UIMainStoryboardFile = Main;
				INFOPLIST_KEY_UISupportedInterfaceOrientations_iPad = "UIInterfaceOrientationPortrait UIInterfaceOrientationPortraitUpsideDown UIInterfaceOrientationLandscapeLeft UIInterfaceOrientationLandscapeRight";
				INFOPLIST_KEY_UISupportedInterfaceOrientations_iPhone = "UIInterfaceOrientationPortrait UIInterfaceOrientationLandscapeLeft UIInterfaceOrientationLandscapeRight";
				LD_RUNPATH_SEARCH_PATHS = (
					"$(inherited)",
					"@executable_path/Frameworks",
				);
				MARKETING_VERSION = 1.0;
				PRODUCT_BUNDLE_IDENTIFIER = "com.hasithademel.The-Wheely-Cool-App";
				PRODUCT_NAME = "$(TARGET_NAME)";
				SWIFT_EMIT_LOC_STRINGS = YES;
				SWIFT_VERSION = 5.0;
				TARGETED_DEVICE_FAMILY = "1,2";
			};
			name = Release;
		};
/* End XCBuildConfiguration section */

/* Begin XCConfigurationList section */
		740121672770675F002CB5E5 /* Build configuration list for PBXProject "The Wheely Cool App" */ = {
			isa = XCConfigurationList;
			buildConfigurations = (
				7401217E27706762002CB5E5 /* Debug */,
				7401217F27706762002CB5E5 /* Release */,
			);
			defaultConfigurationIsVisible = 0;
			defaultConfigurationName = Release;
		};
		7401218027706762002CB5E5 /* Build configuration list for PBXNativeTarget "The Wheely Cool App" */ = {
			isa = XCConfigurationList;
			buildConfigurations = (
				7401218127706762002CB5E5 /* Debug */,
				7401218227706762002CB5E5 /* Release */,
			);
			defaultConfigurationIsVisible = 0;
			defaultConfigurationName = Release;
		};
/* End XCConfigurationList section */
	};
	rootObject = 740121642770675F002CB5E5 /* Project object */;
}
